
Microsoft Visual Studio Solution File, Format Version 12.00
# Visual Studio Version 17
VisualStudioVersion = 17.3.32901.215
MinimumVisualStudioVersion = 10.0.40219.1
Project("{FAE04EC0-301F-11D3-BF4B-00C04F79EFBC}") = "class-ornek", "class-ornek\class-ornek.csproj", "{A893A81E-B4DA-41D0-8662-47F19CA48921}"
EndProject
Global
	GlobalSection(SolutionConfigurationPlatforms) = preSolution
		Debug|Any CPU = Debug|Any CPU
		Release|Any CPU = Release|Any CPU
	EndGlobalSection
	GlobalSection(ProjectConfigurationPlatforms) = postSolution
		{A893A81E-B4DA-41D0-8662-47F19CA48921}.Debug|Any CPU.ActiveCfg = Debug|Any CPU
		{A893A81E-B4DA-41D0-8662-47F19CA48921}.Debug|Any CPU.Build.0 = Debug|Any CPU
		{A893A81E-B4DA-41D0-8662-47F19CA48921}.Release|Any CPU.ActiveCfg = Release|Any CPU
		{A893A81E-B4DA-41D0-8662-47F19CA48921}.Release|Any CPU.Build.0 = Release|Any CPU
	EndGlobalSection
	GlobalSection(SolutionProperties) = preSolution
		HideSolutionNode = FALSE
	EndGlobalSection
	GlobalSection(ExtensibilityGlobals) = postSolution
		SolutionGuid = {E37E5001-A695-4F54-B215-74BC77F3D1B0}
	EndGlobalSection
EndGlobal
